{
  "requires": true,
  "lockfileVersion": 1,
  "dependencies": {
    "chrome-types": {
      "version": "0.1.169",
      "resolved": "https://registry.npmjs.org/chrome-types/-/chrome-types-0.1.169.tgz",
      "integrity": "sha512-S4FA/q14Kafska++WZLXg1d4uKxmOWdwt8GFUMTOw/x5Trv0d6wFcEIOFp0auGy4Xp+2CptofCEtEM08DWDiOQ=="
    }
  }
}
